// !$*UTF8*$!
{
	archiveVersion = 1;
	classes = {
	};
	objectVersion = 56;
	objects = {

/* Begin PBXBuildFile section */
		A7A5D0C52C73C7260022A04C /* Item.swift in Sources */ = {isa = PBXBuildFile; fileRef = A7A5D0C42C73C7260022A04C /* Item.swift */; };
		A7A5D0C72C73E5B10022A04C /* ShopItemView.swift in Sources */ = {isa = PBXBuildFile; fileRef = A7A5D0C62C73E5B10022A04C /* ShopItemView.swift */; };
		A7A5D0C92C7413640022A04C /* ShopView.swift in Sources */ = {isa = PBXBuildFile; fileRef = A7A5D0C82C7413640022A04C /* ShopView.swift */; };
		A7A5D0CB2C7413B10022A04C /* ShopViewModel.swift in Sources */ = {isa = PBXBuildFile; fileRef = A7A5D0CA2C7413B10022A04C /* ShopViewModel.swift */; };
		A7A5D0CE2C7417CA0022A04C /* SortedShop.swift in Sources */ = {isa = PBXBuildFile; fileRef = A7A5D0CD2C7417CA0022A04C /* SortedShop.swift */; };
		A7A648C52C6E552A0012DDC4 /* FortniteShopApp.swift in Sources */ = {isa = PBXBuildFile; fileRef = A7A648C42C6E552A0012DDC4 /* FortniteShopApp.swift */; };
		A7A648C72C6E552A0012DDC4 /* ContentView.swift in Sources */ = {isa = PBXBuildFile; fileRef = A7A648C62C6E552A0012DDC4 /* ContentView.swift */; };
		A7A648C92C6E552B0012DDC4 /* Assets.xcassets in Resources */ = {isa = PBXBuildFile; fileRef = A7A648C82C6E552B0012DDC4 /* Assets.xcassets */; };
		A7A648CC2C6E552B0012DDC4 /* Preview Assets.xcassets in Resources */ = {isa = PBXBuildFile; fileRef = A7A648CB2C6E552B0012DDC4 /* Preview Assets.xcassets */; };
		A7A648D62C6E552B0012DDC4 /* FortniteShopAppTests.swift in Sources */ = {isa = PBXBuildFile; fileRef = A7A648D52C6E552B0012DDC4 /* FortniteShopAppTests.swift */; };
		A7A648E02C6E552B0012DDC4 /* FortniteShopAppUITests.swift in Sources */ = {isa = PBXBuildFile; fileRef = A7A648DF2C6E552B0012DDC4 /* FortniteShopAppUITests.swift */; };
		A7A648E22C6E552B0012DDC4 /* FortniteShopAppUITestsLaunchTests.swift in Sources */ = {isa = PBXBuildFile; fileRef = A7A648E12C6E552B0012DDC4 /* FortniteShopAppUITestsLaunchTests.swift */; };
		A7A648F22C6E5E010012DDC4 /* Shop.swift in Sources */ = {isa = PBXBuildFile; fileRef = A7A648F12C6E5E010012DDC4 /* Shop.swift */; };
/* End PBXBuildFile section */

/* Begin PBXContainerItemProxy section */
		A7A648D22C6E552B0012DDC4 /* PBXContainerItemProxy */ = {
			isa = PBXContainerItemProxy;
			containerPortal = A7A648B92C6E552A0012DDC4 /* Project object */;
			proxyType = 1;
			remoteGlobalIDString = A7A648C02C6E552A0012DDC4;
			remoteInfo = FortniteShopApp;
		};
		A7A648DC2C6E552B0012DDC4 /* PBXContainerItemProxy */ = {
			isa = PBXContainerItemProxy;
			containerPortal = A7A648B92C6E552A0012DDC4 /* Project object */;
			proxyType = 1;
			remoteGlobalIDString = A7A648C02C6E552A0012DDC4;
			remoteInfo = FortniteShopApp;
		};
/* End PBXContainerItemProxy section */

/* Begin PBXFileReference section */
		A7A5D0C42C73C7260022A04C /* Item.swift */ = {isa = PBXFileReference; lastKnownFileType = sourcecode.swift; path = Item.swift; sourceTree = "<group>"; };
		A7A5D0C62C73E5B10022A04C /* ShopItemView.swift */ = {isa = PBXFileReference; lastKnownFileType = sourcecode.swift; path = ShopItemView.swift; sourceTree = "<group>"; };
		A7A5D0C82C7413640022A04C /* ShopView.swift */ = {isa = PBXFileReference; lastKnownFileType = sourcecode.swift; path = ShopView.swift; sourceTree = "<group>"; };
		A7A5D0CA2C7413B10022A04C /* ShopViewModel.swift */ = {isa = PBXFileReference; lastKnownFileType = sourcecode.swift; path = ShopViewModel.swift; sourceTree = "<group>"; };
		A7A5D0CD2C7417CA0022A04C /* SortedShop.swift */ = {isa = PBXFileReference; lastKnownFileType = sourcecode.swift; path = SortedShop.swift; sourceTree = "<group>"; };
		A7A648C12C6E552A0012DDC4 /* FortniteShopApp.app */ = {isa = PBXFileReference; explicitFileType = wrapper.application; includeInIndex = 0; path = FortniteShopApp.app; sourceTree = BUILT_PRODUCTS_DIR; };
		A7A648C42C6E552A0012DDC4 /* FortniteShopApp.swift */ = {isa = PBXFileReference; lastKnownFileType = sourcecode.swift; path = FortniteShopApp.swift; sourceTree = "<group>"; };
		A7A648C62C6E552A0012DDC4 /* ContentView.swift */ = {isa = PBXFileReference; lastKnownFileType = sourcecode.swift; path = ContentView.swift; sourceTree = "<group>"; };
		A7A648C82C6E552B0012DDC4 /* Assets.xcassets */ = {isa = PBXFileReference; lastKnownFileType = folder.assetcatalog; path = Assets.xcassets; sourceTree = "<group>"; };
		A7A648CB2C6E552B0012DDC4 /* Preview Assets.xcassets */ = {isa = PBXFileReference; lastKnownFileType = folder.assetcatalog; path = "Preview Assets.xcassets"; sourceTree = "<group>"; };
		A7A648D12C6E552B0012DDC4 /* FortniteShopAppTests.xctest */ = {isa = PBXFileReference; explicitFileType = wrapper.cfbundle; includeInIndex = 0; path = FortniteShopAppTests.xctest; sourceTree = BUILT_PRODUCTS_DIR; };
		A7A648D52C6E552B0012DDC4 /* FortniteShopAppTests.swift */ = {isa = PBXFileReference; lastKnownFileType = sourcecode.swift; path = FortniteShopAppTests.swift; sourceTree = "<group>"; };
		A7A648DB2C6E552B0012DDC4 /* FortniteShopAppUITests.xctest */ = {isa = PBXFileReference; explicitFileType = wrapper.cfbundle; includeInIndex = 0; path = FortniteShopAppUITests.xctest; sourceTree = BUILT_PRODUCTS_DIR; };
		A7A648DF2C6E552B0012DDC4 /* FortniteShopAppUITests.swift */ = {isa = PBXFileReference; lastKnownFileType = sourcecode.swift; path = FortniteShopAppUITests.swift; sourceTree = "<group>"; };
		A7A648E12C6E552B0012DDC4 /* FortniteShopAppUITestsLaunchTests.swift */ = {isa = PBXFileReference; lastKnownFileType = sourcecode.swift; path = FortniteShopAppUITestsLaunchTests.swift; sourceTree = "<group>"; };
		A7A648F12C6E5E010012DDC4 /* Shop.swift */ = {isa = PBXFileReference; lastKnownFileType = sourcecode.swift; path = Shop.swift; sourceTree = "<group>"; };
/* End PBXFileReference section */

/* Begin PBXFrameworksBuildPhase section */
		A7A648BE2C6E552A0012DDC4 /* Frameworks */ = {
			isa = PBXFrameworksBuildPhase;
			buildActionMask = 2147483647;
			files = (
			);
			runOnlyForDeploymentPostprocessing = 0;
		};
		A7A648CE2C6E552B0012DDC4 /* Frameworks */ = {
			isa = PBXFrameworksBuildPhase;
			buildActionMask = 2147483647;
			files = (
			);
			runOnlyForDeploymentPostprocessing = 0;
		};
		A7A648D82C6E552B0012DDC4 /* Frameworks */ = {
			isa = PBXFrameworksBuildPhase;
			buildActionMask = 2147483647;
			files = (
			);
			runOnlyForDeploymentPostprocessing = 0;
		};
/* End PBXFrameworksBuildPhase section */

/* Begin PBXGroup section */
		A7A5D0CC2C7415010022A04C /* Services */ = {
			isa = PBXGroup;
			children = (
			);
			path = Services;
			sourceTree = "<group>";
		};
		A7A648B82C6E552A0012DDC4 = {
			isa = PBXGroup;
			children = (
				A7A648C32C6E552A0012DDC4 /* FortniteShopApp */,
				A7A648D42C6E552B0012DDC4 /* FortniteShopAppTests */,
				A7A648DE2C6E552B0012DDC4 /* FortniteShopAppUITests */,
				A7A648C22C6E552A0012DDC4 /* Products */,
			);
			sourceTree = "<group>";
		};
		A7A648C22C6E552A0012DDC4 /* Products */ = {
			isa = PBXGroup;
			children = (
				A7A648C12C6E552A0012DDC4 /* FortniteShopApp.app */,
				A7A648D12C6E552B0012DDC4 /* FortniteShopAppTests.xctest */,
				A7A648DB2C6E552B0012DDC4 /* FortniteShopAppUITests.xctest */,
			);
			name = Products;
			sourceTree = "<group>";
		};
		A7A648C32C6E552A0012DDC4 /* FortniteShopApp */ = {
			isa = PBXGroup;
			children = (
				A7A5D0CC2C7415010022A04C /* Services */,
				A7A648F02C6E57040012DDC4 /* ViewModel */,
				A7A648EF2C6E56FE0012DDC4 /* Model */,
				A7A648EE2C6E56F40012DDC4 /* View */,
				A7A648C42C6E552A0012DDC4 /* FortniteShopApp.swift */,
				A7A648C82C6E552B0012DDC4 /* Assets.xcassets */,
				A7A648CA2C6E552B0012DDC4 /* Preview Content */,
			);
			path = FortniteShopApp;
			sourceTree = "<group>";
		};
		A7A648CA2C6E552B0012DDC4 /* Preview Content */ = {
			isa = PBXGroup;
			children = (
				A7A648CB2C6E552B0012DDC4 /* Preview Assets.xcassets */,
			);
			path = "Preview Content";
			sourceTree = "<group>";
		};
		A7A648D42C6E552B0012DDC4 /* FortniteShopAppTests */ = {
			isa = PBXGroup;
			children = (
				A7A648D52C6E552B0012DDC4 /* FortniteShopAppTests.swift */,
			);
			path = FortniteShopAppTests;
			sourceTree = "<group>";
		};
		A7A648DE2C6E552B0012DDC4 /* FortniteShopAppUITests */ = {
			isa = PBXGroup;
			children = (
				A7A648DF2C6E552B0012DDC4 /* FortniteShopAppUITests.swift */,
				A7A648E12C6E552B0012DDC4 /* FortniteShopAppUITestsLaunchTests.swift */,
			);
			path = FortniteShopAppUITests;
			sourceTree = "<group>";
		};
		A7A648EE2C6E56F40012DDC4 /* View */ = {
			isa = PBXGroup;
			children = (
				A7A648C62C6E552A0012DDC4 /* ContentView.swift */,
				A7A5D0C62C73E5B10022A04C /* ShopItemView.swift */,
				A7A5D0C82C7413640022A04C /* ShopView.swift */,
			);
			path = View;
			sourceTree = "<group>";
		};
		A7A648EF2C6E56FE0012DDC4 /* Model */ = {
			isa = PBXGroup;
			children = (
				A7A648F12C6E5E010012DDC4 /* Shop.swift */,
				A7A5D0C42C73C7260022A04C /* Item.swift */,
				A7A5D0CD2C7417CA0022A04C /* SortedShop.swift */,
			);
			path = Model;
			sourceTree = "<group>";
		};
		A7A648F02C6E57040012DDC4 /* ViewModel */ = {
			isa = PBXGroup;
			children = (
				A7A5D0CA2C7413B10022A04C /* ShopViewModel.swift */,
			);
			path = ViewModel;
			sourceTree = "<group>";
		};
/* End PBXGroup section */

/* Begin PBXNativeTarget section */
		A7A648C02C6E552A0012DDC4 /* FortniteShopApp */ = {
			isa = PBXNativeTarget;
			buildConfigurationList = A7A648E52C6E552B0012DDC4 /* Build configuration list for PBXNativeTarget "FortniteShopApp" */;
			buildPhases = (
				A7A648BD2C6E552A0012DDC4 /* Sources */,
				A7A648BE2C6E552A0012DDC4 /* Frameworks */,
				A7A648BF2C6E552A0012DDC4 /* Resources */,
			);
			buildRules = (
			);
			dependencies = (
			);
			name = FortniteShopApp;
			productName = FortniteShopApp;
			productReference = A7A648C12C6E552A0012DDC4 /* FortniteShopApp.app */;
			productType = "com.apple.product-type.application";
		};
		A7A648D02C6E552B0012DDC4 /* FortniteShopAppTests */ = {
			isa = PBXNativeTarget;
			buildConfigurationList = A7A648E82C6E552B0012DDC4 /* Build configuration list for PBXNativeTarget "FortniteShopAppTests" */;
			buildPhases = (
				A7A648CD2C6E552B0012DDC4 /* Sources */,
				A7A648CE2C6E552B0012DDC4 /* Frameworks */,
				A7A648CF2C6E552B0012DDC4 /* Resources */,
			);
			buildRules = (
			);
			dependencies = (
				A7A648D32C6E552B0012DDC4 /* PBXTargetDependency */,
			);
			name = FortniteShopAppTests;
			productName = FortniteShopAppTests;
			productReference = A7A648D12C6E552B0012DDC4 /* FortniteShopAppTests.xctest */;
			productType = "com.apple.product-type.bundle.unit-test";
		};
		A7A648DA2C6E552B0012DDC4 /* FortniteShopAppUITests */ = {
			isa = PBXNativeTarget;
			buildConfigurationList = A7A648EB2C6E552B0012DDC4 /* Build configuration list for PBXNativeTarget "FortniteShopAppUITests" */;
			buildPhases = (
				A7A648D72C6E552B0012DDC4 /* Sources */,
				A7A648D82C6E552B0012DDC4 /* Frameworks */,
				A7A648D92C6E552B0012DDC4 /* Resources */,
			);
			buildRules = (
			);
			dependencies = (
				A7A648DD2C6E552B0012DDC4 /* PBXTargetDependency */,
			);
			name = FortniteShopAppUITests;
			productName = FortniteShopAppUITests;
			productReference = A7A648DB2C6E552B0012DDC4 /* FortniteShopAppUITests.xctest */;
			productType = "com.apple.product-type.bundle.ui-testing";
		};
/* End PBXNativeTarget section */

/* Begin PBXProject section */
		A7A648B92C6E552A0012DDC4 /* Project object */ = {
			isa = PBXProject;
			attributes = {
				BuildIndependentTargetsInParallel = 1;
				LastSwiftUpdateCheck = 1540;
				LastUpgradeCheck = 1540;
				TargetAttributes = {
					A7A648C02C6E552A0012DDC4 = {
						CreatedOnToolsVersion = 15.4;
					};
					A7A648D02C6E552B0012DDC4 = {
						CreatedOnToolsVersion = 15.4;
						TestTargetID = A7A648C02C6E552A0012DDC4;
					};
					A7A648DA2C6E552B0012DDC4 = {
						CreatedOnToolsVersion = 15.4;
						TestTargetID = A7A648C02C6E552A0012DDC4;
					};
				};
			};
			buildConfigurationList = A7A648BC2C6E552A0012DDC4 /* Build configuration list for PBXProject "FortniteShopApp" */;
			compatibilityVersion = "Xcode 14.0";
			developmentRegion = en;
			hasScannedForEncodings = 0;
			knownRegions = (
				en,
				Base,
			);
			mainGroup = A7A648B82C6E552A0012DDC4;
			productRefGroup = A7A648C22C6E552A0012DDC4 /* Products */;
			projectDirPath = "";
			projectRoot = "";
			targets = (
				A7A648C02C6E552A0012DDC4 /* FortniteShopApp */,
				A7A648D02C6E552B0012DDC4 /* FortniteShopAppTests */,
				A7A648DA2C6E552B0012DDC4 /* FortniteShopAppUITests */,
			);
		};
/* End PBXProject section */

/* Begin PBXResourcesBuildPhase section */
		A7A648BF2C6E552A0012DDC4 /* Resources */ = {
			isa = PBXResourcesBuildPhase;
			buildActionMask = 2147483647;
			files = (
				A7A648CC2C6E552B0012DDC4 /* Preview Assets.xcassets in Resources */,
				A7A648C92C6E552B0012DDC4 /* Assets.xcassets in Resources */,
			);
			runOnlyForDeploymentPostprocessing = 0;
		};
		A7A648CF2C6E552B0012DDC4 /* Resources */ = {
			isa = PBXResourcesBuildPhase;
			buildActionMask = 2147483647;
			files = (
			);
			runOnlyForDeploymentPostprocessing = 0;
		};
		A7A648D92C6E552B0012DDC4 /* Resources */ = {
			isa = PBXResourcesBuildPhase;
			buildActionMask = 2147483647;
			files = (
			);
			runOnlyForDeploymentPostprocessing = 0;
		};
/* End PBXResourcesBuildPhase section */

/* Begin PBXSourcesBuildPhase section */
		A7A648BD2C6E552A0012DDC4 /* Sources */ = {
			isa = PBXSourcesBuildPhase;
			buildActionMask = 2147483647;
			files = (
				A7A5D0C92C7413640022A04C /* ShopView.swift in Sources */,
				A7A5D0C52C73C7260022A04C /* Item.swift in Sources */,
				A7A5D0C72C73E5B10022A04C /* ShopItemView.swift in Sources */,
				A7A648F22C6E5E010012DDC4 /* Shop.swift in Sources */,
				A7A648C72C6E552A0012DDC4 /* ContentView.swift in Sources */,
				A7A648C52C6E552A0012DDC4 /* FortniteShopApp.swift in Sources */,
				A7A5D0CE2C7417CA0022A04C /* SortedShop.swift in Sources */,
				A7A5D0CB2C7413B10022A04C /* ShopViewModel.swift in Sources */,
			);
			runOnlyForDeploymentPostprocessing = 0;
		};
		A7A648CD2C6E552B0012DDC4 /* Sources */ = {
			isa = PBXSourcesBuildPhase;
			buildActionMask = 2147483647;
			files = (
				A7A648D62C6E552B0012DDC4 /* FortniteShopAppTests.swift in Sources */,
			);
			runOnlyForDeploymentPostprocessing = 0;
		};
		A7A648D72C6E552B0012DDC4 /* Sources */ = {
			isa = PBXSourcesBuildPhase;
			buildActionMask = 2147483647;
			files = (
				A7A648E02C6E552B0012DDC4 /* FortniteShopAppUITests.swift in Sources */,
				A7A648E22C6E552B0012DDC4 /* FortniteShopAppUITestsLaunchTests.swift in Sources */,
			);
			runOnlyForDeploymentPostprocessing = 0;
		};
/* End PBXSourcesBuildPhase section */

/* Begin PBXTargetDependency section */
		A7A648D32C6E552B0012DDC4 /* PBXTargetDependency */ = {
			isa = PBXTargetDependency;
			target = A7A648C02C6E552A0012DDC4 /* FortniteShopApp */;
			targetProxy = A7A648D22C6E552B0012DDC4 /* PBXContainerItemProxy */;
		};
		A7A648DD2C6E552B0012DDC4 /* PBXTargetDependency */ = {
			isa = PBXTargetDependency;
			target = A7A648C02C6E552A0012DDC4 /* FortniteShopApp */;
			targetProxy = A7A648DC2C6E552B0012DDC4 /* PBXContainerItemProxy */;
		};
/* End PBXTargetDependency section */

/* Begin XCBuildConfiguration section */
		A7A648E32C6E552B0012DDC4 /* Debug */ = {
			isa = XCBuildConfiguration;
			buildSettings = {
				ALWAYS_SEARCH_USER_PATHS = NO;
				ASSETCATALOG_COMPILER_GENERATE_SWIFT_ASSET_SYMBOL_EXTENSIONS = YES;
				CLANG_ANALYZER_NONNULL = YES;
				CLANG_ANALYZER_NUMBER_OBJECT_CONVERSION = YES_AGGRESSIVE;
				CLANG_CXX_LANGUAGE_STANDARD = "gnu++20";
				CLANG_ENABLE_MODULES = YES;
				CLANG_ENABLE_OBJC_ARC = YES;
				CLANG_ENABLE_OBJC_WEAK = YES;
				CLANG_WARN_BLOCK_CAPTURE_AUTORELEASING = YES;
				CLANG_WARN_BOOL_CONVERSION = YES;
				CLANG_WARN_COMMA = YES;
				CLANG_WARN_CONSTANT_CONVERSION = YES;
				CLANG_WARN_DEPRECATED_OBJC_IMPLEMENTATIONS = YES;
				CLANG_WARN_DIRECT_OBJC_ISA_USAGE = YES_ERROR;
				CLANG_WARN_DOCUMENTATION_COMMENTS = YES;
				CLANG_WARN_EMPTY_BODY = YES;
				CLANG_WARN_ENUM_CONVERSION = YES;
				CLANG_WARN_INFINITE_RECURSION = YES;
				CLANG_WARN_INT_CONVERSION = YES;
				CLANG_WARN_NON_LITERAL_NULL_CONVERSION = YES;
				CLANG_WARN_OBJC_IMPLICIT_RETAIN_SELF = YES;
				CLANG_WARN_OBJC_LITERAL_CONVERSION = YES;
				CLANG_WARN_OBJC_ROOT_CLASS = YES_ERROR;
				CLANG_WARN_QUOTED_INCLUDE_IN_FRAMEWORK_HEADER = YES;
				CLANG_WARN_RANGE_LOOP_ANALYSIS = YES;
				CLANG_WARN_STRICT_PROTOTYPES = YES;
				CLANG_WARN_SUSPICIOUS_MOVE = YES;
				CLANG_WARN_UNGUARDED_AVAILABILITY = YES_AGGRESSIVE;
				CLANG_WARN_UNREACHABLE_CODE = YES;
				CLANG_WARN__DUPLICATE_METHOD_MATCH = YES;
				COPY_PHASE_STRIP = NO;
				DEBUG_INFORMATION_FORMAT = dwarf;
				ENABLE_STRICT_OBJC_MSGSEND = YES;
				ENABLE_TESTABILITY = YES;
				ENABLE_USER_SCRIPT_SANDBOXING = YES;
				GCC_C_LANGUAGE_STANDARD = gnu17;
				GCC_DYNAMIC_NO_PIC = NO;
				GCC_NO_COMMON_BLOCKS = YES;
				GCC_OPTIMIZATION_LEVEL = 0;
				GCC_PREPROCESSOR_DEFINITIONS = (
					"DEBUG=1",
					"$(inherited)",
				);
				GCC_WARN_64_TO_32_BIT_CONVERSION = YES;
				GCC_WARN_ABOUT_RETURN_TYPE = YES_ERROR;
				GCC_WARN_UNDECLARED_SELECTOR = YES;
				GCC_WARN_UNINITIALIZED_AUTOS = YES_AGGRESSIVE;
				GCC_WARN_UNUSED_FUNCTION = YES;
				GCC_WARN_UNUSED_VARIABLE = YES;
				IPHONEOS_DEPLOYMENT_TARGET = 17.0;
				LOCALIZATION_PREFERS_STRING_CATALOGS = YES;
				MTL_ENABLE_DEBUG_INFO = INCLUDE_SOURCE;
				MTL_FAST_MATH = YES;
				ONLY_ACTIVE_ARCH = YES;
				SDKROOT = iphoneos;
				SWIFT_ACTIVE_COMPILATION_CONDITIONS = "DEBUG $(inherited)";
				SWIFT_OPTIMIZATION_LEVEL = "-Onone";
			};
			name = Debug;
		};
		A7A648E42C6E552B0012DDC4 /* Release */ = {
			isa = XCBuildConfiguration;
			buildSettings = {
				ALWAYS_SEARCH_USER_PATHS = NO;
				ASSETCATALOG_COMPILER_GENERATE_SWIFT_ASSET_SYMBOL_EXTENSIONS = YES;
				CLANG_ANALYZER_NONNULL = YES;
				CLANG_ANALYZER_NUMBER_OBJECT_CONVERSION = YES_AGGRESSIVE;
				CLANG_CXX_LANGUAGE_STANDARD = "gnu++20";
				CLANG_ENABLE_MODULES = YES;
				CLANG_ENABLE_OBJC_ARC = YES;
				CLANG_ENABLE_OBJC_WEAK = YES;
				CLANG_WARN_BLOCK_CAPTURE_AUTORELEASING = YES;
				CLANG_WARN_BOOL_CONVERSION = YES;
				CLANG_WARN_COMMA = YES;
				CLANG_WARN_CONSTANT_CONVERSION = YES;
				CLANG_WARN_DEPRECATED_OBJC_IMPLEMENTATIONS = YES;
				CLANG_WARN_DIRECT_OBJC_ISA_USAGE = YES_ERROR;
				CLANG_WARN_DOCUMENTATION_COMMENTS = YES;
				CLANG_WARN_EMPTY_BODY = YES;
				CLANG_WARN_ENUM_CONVERSION = YES;
				CLANG_WARN_INFINITE_RECURSION = YES;
				CLANG_WARN_INT_CONVERSION = YES;
				CLANG_WARN_NON_LITERAL_NULL_CONVERSION = YES;
				CLANG_WARN_OBJC_IMPLICIT_RETAIN_SELF = YES;
				CLANG_WARN_OBJC_LITERAL_CONVERSION = YES;
				CLANG_WARN_OBJC_ROOT_CLASS = YES_ERROR;
				CLANG_WARN_QUOTED_INCLUDE_IN_FRAMEWORK_HEADER = YES;
				CLANG_WARN_RANGE_LOOP_ANALYSIS = YES;
				CLANG_WARN_STRICT_PROTOTYPES = YES;
				CLANG_WARN_SUSPICIOUS_MOVE = YES;
				CLANG_WARN_UNGUARDED_AVAILABILITY = YES_AGGRESSIVE;
				CLANG_WARN_UNREACHABLE_CODE = YES;
				CLANG_WARN__DUPLICATE_METHOD_MATCH = YES;
				COPY_PHASE_STRIP = NO;
				DEBUG_INFORMATION_FORMAT = "dwarf-with-dsym";
				ENABLE_NS_ASSERTIONS = NO;
				ENABLE_STRICT_OBJC_MSGSEND = YES;
				ENABLE_USER_SCRIPT_SANDBOXING = YES;
				GCC_C_LANGUAGE_STANDARD = gnu17;
				GCC_NO_COMMON_BLOCKS = YES;
				GCC_WARN_64_TO_32_BIT_CONVERSION = YES;
				GCC_WARN_ABOUT_RETURN_TYPE = YES_ERROR;
				GCC_WARN_UNDECLARED_SELECTOR = YES;
				GCC_WARN_UNINITIALIZED_AUTOS = YES_AGGRESSIVE;
				GCC_WARN_UNUSED_FUNCTION = YES;
				GCC_WARN_UNUSED_VARIABLE = YES;
				IPHONEOS_DEPLOYMENT_TARGET = 17.0;
				LOCALIZATION_PREFERS_STRING_CATALOGS = YES;
				MTL_ENABLE_DEBUG_INFO = NO;
				MTL_FAST_MATH = YES;
				SDKROOT = iphoneos;
				SWIFT_COMPILATION_MODE = wholemodule;
				VALIDATE_PRODUCT = YES;
			};
			name = Release;
		};
		A7A648E62C6E552B0012DDC4 /* Debug */ = {
			isa = XCBuildConfiguration;
			buildSettings = {
				ASSETCATALOG_COMPILER_APPICON_NAME = AppIcon;
				ASSETCATALOG_COMPILER_GLOBAL_ACCENT_COLOR_NAME = AccentColor;
				CODE_SIGN_STYLE = Automatic;
				CURRENT_PROJECT_VERSION = 1;
				DEVELOPMENT_ASSET_PATHS = "\"FortniteShopApp/Preview Content\"";
				DEVELOPMENT_TEAM = 38UL77W743;
				ENABLE_PREVIEWS = YES;
				GENERATE_INFOPLIST_FILE = YES;
				INFOPLIST_KEY_CFBundleDisplayName = "Daily Shop";
				INFOPLIST_KEY_LSApplicationCategoryType = "public.app-category.reference";
				INFOPLIST_KEY_UIApplicationSceneManifest_Generation = YES;
				INFOPLIST_KEY_UIApplicationSupportsIndirectInputEvents = YES;
				INFOPLIST_KEY_UILaunchScreen_Generation = YES;
				INFOPLIST_KEY_UISupportedInterfaceOrientations_iPad = "UIInterfaceOrientationPortrait UIInterfaceOrientationPortraitUpsideDown UIInterfaceOrientationLandscapeLeft UIInterfaceOrientationLandscapeRight";
				INFOPLIST_KEY_UISupportedInterfaceOrientations_iPhone = "UIInterfaceOrientationPortrait UIInterfaceOrientationLandscapeLeft UIInterfaceOrientationLandscapeRight";
				IPHONEOS_DEPLOYMENT_TARGET = 17.0;
				LD_RUNPATH_SEARCH_PATHS = (
					"$(inherited)",
					"@executable_path/Frameworks",
				);
				MARKETING_VERSION = 1.0;
				PRODUCT_BUNDLE_IDENTIFIER = com.kuhockovolec.FortniteShopApp;
				PRODUCT_NAME = "$(TARGET_NAME)";
				SWIFT_EMIT_LOC_STRINGS = YES;
				SWIFT_VERSION = 5.0;
				TARGETED_DEVICE_FAMILY = "1,2";
			};
			name = Debug;
		};
		A7A648E72C6E552B0012DDC4 /* Release */ = {
			isa = XCBuildConfiguration;
			buildSettings = {
				ASSETCATALOG_COMPILER_APPICON_NAME = AppIcon;
				ASSETCATALOG_COMPILER_GLOBAL_ACCENT_COLOR_NAME = AccentColor;
				CODE_SIGN_STYLE = Automatic;
				CURRENT_PROJECT_VERSION = 1;
				DEVELOPMENT_ASSET_PATHS = "\"FortniteShopApp/Preview Content\"";
				DEVELOPMENT_TEAM = 38UL77W743;
				ENABLE_PREVIEWS = YES;
				GENERATE_INFOPLIST_FILE = YES;
				INFOPLIST_KEY_CFBundleDisplayName = "Daily Shop";
				INFOPLIST_KEY_LSApplicationCategoryType = "public.app-category.reference";
				INFOPLIST_KEY_UIApplicationSceneManifest_Generation = YES;
				INFOPLIST_KEY_UIApplicationSupportsIndirectInputEvents = YES;
				INFOPLIST_KEY_UILaunchScreen_Generation = YES;
				INFOPLIST_KEY_UISupportedInterfaceOrientations_iPad = "UIInterfaceOrientationPortrait UIInterfaceOrientationPortraitUpsideDown UIInterfaceOrientationLandscapeLeft UIInterfaceOrientationLandscapeRight";
				INFOPLIST_KEY_UISupportedInterfaceOrientations_iPhone = "UIInterfaceOrientationPortrait UIInterfaceOrientationLandscapeLeft UIInterfaceOrientationLandscapeRight";
				IPHONEOS_DEPLOYMENT_TARGET = 17.0;
				LD_RUNPATH_SEARCH_PATHS = (
					"$(inherited)",
					"@executable_path/Frameworks",
				);
				MARKETING_VERSION = 1.0;
				PRODUCT_BUNDLE_IDENTIFIER = com.kuhockovolec.FortniteShopApp;
				PRODUCT_NAME = "$(TARGET_NAME)";
				SWIFT_EMIT_LOC_STRINGS = YES;
				SWIFT_VERSION = 5.0;
				TARGETED_DEVICE_FAMILY = "1,2";
			};
			name = Release;
		};
		A7A648E92C6E552B0012DDC4 /* Debug */ = {
			isa = XCBuildConfiguration;
			buildSettings = {
				ALWAYS_EMBED_SWIFT_STANDARD_LIBRARIES = YES;
				BUNDLE_LOADER = "$(TEST_HOST)";
				CODE_SIGN_STYLE = Automatic;
				CURRENT_PROJECT_VERSION = 1;
				DEVELOPMENT_TEAM = 38UL77W743;
				GENERATE_INFOPLIST_FILE = YES;
				IPHONEOS_DEPLOYMENT_TARGET = 17.0;
				MARKETING_VERSION = 1.0;
				PRODUCT_BUNDLE_IDENTIFIER = com.kuhockovolec.FortniteShopAppTests;
				PRODUCT_NAME = "$(TARGET_NAME)";
				SWIFT_EMIT_LOC_STRINGS = NO;
				SWIFT_VERSION = 5.0;
				TARGETED_DEVICE_FAMILY = "1,2";
				TEST_HOST = "$(BUILT_PRODUCTS_DIR)/FortniteShopApp.app/$(BUNDLE_EXECUTABLE_FOLDER_PATH)/FortniteShopApp";
			};
			name = Debug;
		};
		A7A648EA2C6E552B0012DDC4 /* Release */ = {
			isa = XCBuildConfiguration;
			buildSettings = {
				ALWAYS_EMBED_SWIFT_STANDARD_LIBRARIES = YES;
				BUNDLE_LOADER = "$(TEST_HOST)";
				CODE_SIGN_STYLE = Automatic;
				CURRENT_PROJECT_VERSION = 1;
				DEVELOPMENT_TEAM = 38UL77W743;
				GENERATE_INFOPLIST_FILE = YES;
				IPHONEOS_DEPLOYMENT_TARGET = 17.0;
				MARKETING_VERSION = 1.0;
				PRODUCT_BUNDLE_IDENTIFIER = com.kuhockovolec.FortniteShopAppTests;
				PRODUCT_NAME = "$(TARGET_NAME)";
				SWIFT_EMIT_LOC_STRINGS = NO;
				SWIFT_VERSION = 5.0;
				TARGETED_DEVICE_FAMILY = "1,2";
				TEST_HOST = "$(BUILT_PRODUCTS_DIR)/FortniteShopApp.app/$(BUNDLE_EXECUTABLE_FOLDER_PATH)/FortniteShopApp";
			};
			name = Release;
		};
		A7A648EC2C6E552B0012DDC4 /* Debug */ = {
			isa = XCBuildConfiguration;
			buildSettings = {
				ALWAYS_EMBED_SWIFT_STANDARD_LIBRARIES = YES;
				CODE_SIGN_STYLE = Automatic;
				CURRENT_PROJECT_VERSION = 1;
				DEVELOPMENT_TEAM = 38UL77W743;
				GENERATE_INFOPLIST_FILE = YES;
				MARKETING_VERSION = 1.0;
				PRODUCT_BUNDLE_IDENTIFIER = com.kuhockovolec.FortniteShopAppUITests;
				PRODUCT_NAME = "$(TARGET_NAME)";
				SWIFT_EMIT_LOC_STRINGS = NO;
				SWIFT_VERSION = 5.0;
				TARGETED_DEVICE_FAMILY = "1,2";
				TEST_TARGET_NAME = FortniteShopApp;
			};
			name = Debug;
		};
		A7A648ED2C6E552B0012DDC4 /* Release */ = {
			isa = XCBuildConfiguration;
			buildSettings = {
				ALWAYS_EMBED_SWIFT_STANDARD_LIBRARIES = YES;
				CODE_SIGN_STYLE = Automatic;
				CURRENT_PROJECT_VERSION = 1;
				DEVELOPMENT_TEAM = 38UL77W743;
				GENERATE_INFOPLIST_FILE = YES;
				MARKETING_VERSION = 1.0;
				PRODUCT_BUNDLE_IDENTIFIER = com.kuhockovolec.FortniteShopAppUITests;
				PRODUCT_NAME = "$(TARGET_NAME)";
				SWIFT_EMIT_LOC_STRINGS = NO;
				SWIFT_VERSION = 5.0;
				TARGETED_DEVICE_FAMILY = "1,2";
				TEST_TARGET_NAME = FortniteShopApp;
			};
			name = Release;
		};
/* End XCBuildConfiguration section */

/* Begin XCConfigurationList section */
		A7A648BC2C6E552A0012DDC4 /* Build configuration list for PBXProject "FortniteShopApp" */ = {
			isa = XCConfigurationList;
			buildConfigurations = (
				A7A648E32C6E552B0012DDC4 /* Debug */,
				A7A648E42C6E552B0012DDC4 /* Release */,
			);
			defaultConfigurationIsVisible = 0;
			defaultConfigurationName = Release;
		};
		A7A648E52C6E552B0012DDC4 /* Build configuration list for PBXNativeTarget "FortniteShopApp" */ = {
			isa = XCConfigurationList;
			buildConfigurations = (
				A7A648E62C6E552B0012DDC4 /* Debug */,
				A7A648E72C6E552B0012DDC4 /* Release */,
			);
			defaultConfigurationIsVisible = 0;
			defaultConfigurationName = Release;
		};
		A7A648E82C6E552B0012DDC4 /* Build configuration list for PBXNativeTarget "FortniteShopAppTests" */ = {
			isa = XCConfigurationList;
			buildConfigurations = (
				A7A648E92C6E552B0012DDC4 /* Debug */,
				A7A648EA2C6E552B0012DDC4 /* Release */,
			);
			defaultConfigurationIsVisible = 0;
			defaultConfigurationName = Release;
		};
		A7A648EB2C6E552B0012DDC4 /* Build configuration list for PBXNativeTarget "FortniteShopAppUITests" */ = {
			isa = XCConfigurationList;
			buildConfigurations = (
				A7A648EC2C6E552B0012DDC4 /* Debug */,
				A7A648ED2C6E552B0012DDC4 /* Release */,
			);
			defaultConfigurationIsVisible = 0;
			defaultConfigurationName = Release;
		};
/* End XCConfigurationList section */
	};
	rootObject = A7A648B92C6E552A0012DDC4 /* Project object */;
}
